
Microsoft Visual Studio Solution File, Format Version 12.00
# Visual Studio 2012
Project("{FAE04EC0-301F-11D3-BF4B-00C04F79EFBC}") = "SafeBusLocationService", "SafeBusLocationService.csproj", "{B3F7B867-F8B1-4F90-A0C6-E0396CD5C750}"
EndProject
Global
	GlobalSection(SolutionConfigurationPlatforms) = preSolution
		Debug|Any CPU = Debug|Any CPU
		Release|Any CPU = Release|Any CPU
	EndGlobalSection
	GlobalSection(ProjectConfigurationPlatforms) = postSolution
		{B3F7B867-F8B1-4F90-A0C6-E0396CD5C750}.Debug|Any CPU.ActiveCfg = Debug|Any CPU
		{B3F7B867-F8B1-4F90-A0C6-E0396CD5C750}.Debug|Any CPU.Build.0 = Debug|Any CPU
		{B3F7B867-F8B1-4F90-A0C6-E0396CD5C750}.Release|Any CPU.ActiveCfg = Release|Any CPU
		{B3F7B867-F8B1-4F90-A0C6-E0396CD5C750}.Release|Any CPU.Build.0 = Release|Any CPU
	EndGlobalSection
	GlobalSection(SolutionProperties) = preSolution
		HideSolutionNode = FALSE
	EndGlobalSection
EndGlobal
